
Microsoft Visual Studio Solution File, Format Version 12.00
# Visual Studio Version 16
VisualStudioVersion = 16.0.30804.86
MinimumVisualStudioVersion = 10.0.40219.1
Project("{8BC9CEB8-8B4A-11D0-8D11-00A0C91BC942}") = "HolaMundo", "HolaMundo\HolaMundo.vcxproj", "{0EE8A285-ED35-4F47-9DA2-6100478EC329}"
EndProject
Project("{2150E333-8FDC-42A3-9474-1A3956D46DE8}") = "Semana 1", "Semana 1", "{786B3A66-8554-4DEB-8AD8-8F078D542FFF}"
EndProject
Project("{8BC9CEB8-8B4A-11D0-8D11-00A0C91BC942}") = "SumaNumeros", "SumaNumeros\SumaNumeros.vcxproj", "{F1C8DF66-80B1-44D4-AE57-35B5FB292CBF}"
EndProject
Project("{8BC9CEB8-8B4A-11D0-8D11-00A0C91BC942}") = "SepararDigitos", "SepararDigitos\SepararDigitos.vcxproj", "{A97D2B52-5C91-499B-82CC-26A85C92B68B}"
EndProject
Project("{2150E333-8FDC-42A3-9474-1A3956D46DE8}") = "Semana 2", "Semana 2", "{D102FF3F-6D4A-439C-ADA3-0D238F98697B}"
EndProject
Project("{8BC9CEB8-8B4A-11D0-8D11-00A0C91BC942}") = "EjemploClase", "EjemploClase\EjemploClase.vcxproj", "{E6B9A62F-BBA4-425E-8A2E-AF31F423618B}"
EndProject
Project("{8BC9CEB8-8B4A-11D0-8D11-00A0C91BC942}") = "EjemploInterfazImplementacion", "EjemploInterfazImplementacion\EjemploInterfazImplementacion.vcxproj", "{735DDA4F-C48A-49DD-9F94-EB2C7F39D269}"
EndProject
Project("{8BC9CEB8-8B4A-11D0-8D11-00A0C91BC942}") = "EjemploClaseRacional", "EjemploClaseRacional\EjemploClaseRacional.vcxproj", "{77552740-076E-499B-9453-6A0C563F6F94}"
EndProject
Project("{2150E333-8FDC-42A3-9474-1A3956D46DE8}") = "Semana 3", "Semana 3", "{A1500DAE-E4A9-4E67-AF13-285BE18F6E6D}"
EndProject
Project("{8BC9CEB8-8B4A-11D0-8D11-00A0C91BC942}") = "EjemploSobrecargaOperadoresByte", "EjemploSobrecargaOperadoresByte\EjemploSobrecargaOperadoresByte.vcxproj", "{BE114550-24F3-4F41-858D-5064613B484A}"
EndProject
Project("{2150E333-8FDC-42A3-9474-1A3956D46DE8}") = "Semana 4", "Semana 4", "{AC0D7ACC-F2D8-498F-9C59-413E26AE6B62}"
EndProject
Project("{8BC9CEB8-8B4A-11D0-8D11-00A0C91BC942}") = "EjemploHerencia", "EjemploHerencia\EjemploHerencia.vcxproj", "{DF2446D7-BA35-4832-80AA-5CB3E1C1F5E6}"
EndProject
Project("{8BC9CEB8-8B4A-11D0-8D11-00A0C91BC942}") = "EjemploPolimorfismo", "EjemploPolimorfismo\EjemploPolimorfismo.vcxproj", "{5B6672AE-44BC-4E71-95D1-65A1219770C4}"
EndProject
Project("{2150E333-8FDC-42A3-9474-1A3956D46DE8}") = "Semana 6", "Semana 6", "{9DF4D51A-7CDF-492D-A831-592B3EA72BCA}"
EndProject
Project("{8BC9CEB8-8B4A-11D0-8D11-00A0C91BC942}") = "EjemploApuntadores", "EjemploApuntadores\EjemploApuntadores.vcxproj", "{1C5FC942-E5D5-426B-9588-0A00C2F64816}"
EndProject
Project("{8BC9CEB8-8B4A-11D0-8D11-00A0C91BC942}") = "EjemploListaSimple", "EjemploListaSimple\EjemploListaSimple.vcxproj", "{99FED392-BABE-4154-AE51-82A8DD2124FF}"
EndProject
Project("{2150E333-8FDC-42A3-9474-1A3956D46DE8}") = "Semana 7", "Semana 7", "{57E2949D-B906-47CF-BB72-0B1C6963DF8E}"
EndProject
Project("{8BC9CEB8-8B4A-11D0-8D11-00A0C91BC942}") = "ListaCircular", "ListaCircular\ListaCircular.vcxproj", "{B16CB962-083A-4A07-800E-DE1C9A1B37BA}"
EndProject
Project("{8BC9CEB8-8B4A-11D0-8D11-00A0C91BC942}") = "EjemploArchivosBinarios", "EjemploArchivosBinarios\EjemploArchivosBinarios.vcxproj", "{053A4A16-E533-420A-A8B2-FD6AA5239229}"
EndProject
Global
	GlobalSection(SolutionConfigurationPlatforms) = preSolution
		Debug|x64 = Debug|x64
		Debug|x86 = Debug|x86
		Release|x64 = Release|x64
		Release|x86 = Release|x86
	EndGlobalSection
	GlobalSection(ProjectConfigurationPlatforms) = postSolution
		{0EE8A285-ED35-4F47-9DA2-6100478EC329}.Debug|x64.ActiveCfg = Debug|x64
		{0EE8A285-ED35-4F47-9DA2-6100478EC329}.Debug|x64.Build.0 = Debug|x64
		{0EE8A285-ED35-4F47-9DA2-6100478EC329}.Debug|x86.ActiveCfg = Debug|Win32
		{0EE8A285-ED35-4F47-9DA2-6100478EC329}.Debug|x86.Build.0 = Debug|Win32
		{0EE8A285-ED35-4F47-9DA2-6100478EC329}.Release|x64.ActiveCfg = Release|x64
		{0EE8A285-ED35-4F47-9DA2-6100478EC329}.Release|x64.Build.0 = Release|x64
		{0EE8A285-ED35-4F47-9DA2-6100478EC329}.Release|x86.ActiveCfg = Release|Win32
		{0EE8A285-ED35-4F47-9DA2-6100478EC329}.Release|x86.Build.0 = Release|Win32
		{F1C8DF66-80B1-44D4-AE57-35B5FB292CBF}.Debug|x64.ActiveCfg = Debug|x64
		{F1C8DF66-80B1-44D4-AE57-35B5FB292CBF}.Debug|x64.Build.0 = Debug|x64
		{F1C8DF66-80B1-44D4-AE57-35B5FB292CBF}.Debug|x86.ActiveCfg = Debug|Win32
		{F1C8DF66-80B1-44D4-AE57-35B5FB292CBF}.Debug|x86.Build.0 = Debug|Win32
		{F1C8DF66-80B1-44D4-AE57-35B5FB292CBF}.Release|x64.ActiveCfg = Release|x64
		{F1C8DF66-80B1-44D4-AE57-35B5FB292CBF}.Release|x64.Build.0 = Release|x64
		{F1C8DF66-80B1-44D4-AE57-35B5FB292CBF}.Release|x86.ActiveCfg = Release|Win32
		{F1C8DF66-80B1-44D4-AE57-35B5FB292CBF}.Release|x86.Build.0 = Release|Win32
		{A97D2B52-5C91-499B-82CC-26A85C92B68B}.Debug|x64.ActiveCfg = Debug|x64
		{A97D2B52-5C91-499B-82CC-26A85C92B68B}.Debug|x64.Build.0 = Debug|x64
		{A97D2B52-5C91-499B-82CC-26A85C92B68B}.Debug|x86.ActiveCfg = Debug|Win32
		{A97D2B52-5C91-499B-82CC-26A85C92B68B}.Debug|x86.Build.0 = Debug|Win32
		{A97D2B52-5C91-499B-82CC-26A85C92B68B}.Release|x64.ActiveCfg = Release|x64
		{A97D2B52-5C91-499B-82CC-26A85C92B68B}.Release|x64.Build.0 = Release|x64
		{A97D2B52-5C91-499B-82CC-26A85C92B68B}.Release|x86.ActiveCfg = Release|Win32
		{A97D2B52-5C91-499B-82CC-26A85C92B68B}.Release|x86.Build.0 = Release|Win32
		{E6B9A62F-BBA4-425E-8A2E-AF31F423618B}.Debug|x64.ActiveCfg = Debug|x64
		{E6B9A62F-BBA4-425E-8A2E-AF31F423618B}.Debug|x64.Build.0 = Debug|x64
		{E6B9A62F-BBA4-425E-8A2E-AF31F423618B}.Debug|x86.ActiveCfg = Debug|Win32
		{E6B9A62F-BBA4-425E-8A2E-AF31F423618B}.Debug|x86.Build.0 = Debug|Win32
		{E6B9A62F-BBA4-425E-8A2E-AF31F423618B}.Release|x64.ActiveCfg = Release|x64
		{E6B9A62F-BBA4-425E-8A2E-AF31F423618B}.Release|x64.Build.0 = Release|x64
		{E6B9A62F-BBA4-425E-8A2E-AF31F423618B}.Release|x86.ActiveCfg = Release|Win32
		{E6B9A62F-BBA4-425E-8A2E-AF31F423618B}.Release|x86.Build.0 = Release|Win32
		{735DDA4F-C48A-49DD-9F94-EB2C7F39D269}.Debug|x64.ActiveCfg = Debug|x64
		{735DDA4F-C48A-49DD-9F94-EB2C7F39D269}.Debug|x64.Build.0 = Debug|x64
		{735DDA4F-C48A-49DD-9F94-EB2C7F39D269}.Debug|x86.ActiveCfg = Debug|Win32
		{735DDA4F-C48A-49DD-9F94-EB2C7F39D269}.Debug|x86.Build.0 = Debug|Win32
		{735DDA4F-C48A-49DD-9F94-EB2C7F39D269}.Release|x64.ActiveCfg = Release|x64
		{735DDA4F-C48A-49DD-9F94-EB2C7F39D269}.Release|x64.Build.0 = Release|x64
		{735DDA4F-C48A-49DD-9F94-EB2C7F39D269}.Release|x86.ActiveCfg = Release|Win32
		{735DDA4F-C48A-49DD-9F94-EB2C7F39D269}.Release|x86.Build.0 = Release|Win32
		{77552740-076E-499B-9453-6A0C563F6F94}.Debug|x64.ActiveCfg = Debug|x64
		{77552740-076E-499B-9453-6A0C563F6F94}.Debug|x64.Build.0 = Debug|x64
		{77552740-076E-499B-9453-6A0C563F6F94}.Debug|x86.ActiveCfg = Debug|Win32
		{77552740-076E-499B-9453-6A0C563F6F94}.Debug|x86.Build.0 = Debug|Win32
		{77552740-076E-499B-9453-6A0C563F6F94}.Release|x64.ActiveCfg = Release|x64
		{77552740-076E-499B-9453-6A0C563F6F94}.Release|x64.Build.0 = Release|x64
		{77552740-076E-499B-9453-6A0C563F6F94}.Release|x86.ActiveCfg = Release|Win32
		{77552740-076E-499B-9453-6A0C563F6F94}.Release|x86.Build.0 = Release|Win32
		{BE114550-24F3-4F41-858D-5064613B484A}.Debug|x64.ActiveCfg = Debug|x64
		{BE114550-24F3-4F41-858D-5064613B484A}.Debug|x64.Build.0 = Debug|x64
		{BE114550-24F3-4F41-858D-5064613B484A}.Debug|x86.ActiveCfg = Debug|Win32
		{BE114550-24F3-4F41-858D-5064613B484A}.Debug|x86.Build.0 = Debug|Win32
		{BE114550-24F3-4F41-858D-5064613B484A}.Release|x64.ActiveCfg = Release|x64
		{BE114550-24F3-4F41-858D-5064613B484A}.Release|x64.Build.0 = Release|x64
		{BE114550-24F3-4F41-858D-5064613B484A}.Release|x86.ActiveCfg = Release|Win32
		{BE114550-24F3-4F41-858D-5064613B484A}.Release|x86.Build.0 = Release|Win32
		{DF2446D7-BA35-4832-80AA-5CB3E1C1F5E6}.Debug|x64.ActiveCfg = Debug|x64
		{DF2446D7-BA35-4832-80AA-5CB3E1C1F5E6}.Debug|x64.Build.0 = Debug|x64
		{DF2446D7-BA35-4832-80AA-5CB3E1C1F5E6}.Debug|x86.ActiveCfg = Debug|Win32
		{DF2446D7-BA35-4832-80AA-5CB3E1C1F5E6}.Debug|x86.Build.0 = Debug|Win32
		{DF2446D7-BA35-4832-80AA-5CB3E1C1F5E6}.Release|x64.ActiveCfg = Release|x64
		{DF2446D7-BA35-4832-80AA-5CB3E1C1F5E6}.Release|x64.Build.0 = Release|x64
		{DF2446D7-BA35-4832-80AA-5CB3E1C1F5E6}.Release|x86.ActiveCfg = Release|Win32
		{DF2446D7-BA35-4832-80AA-5CB3E1C1F5E6}.Release|x86.Build.0 = Release|Win32
		{5B6672AE-44BC-4E71-95D1-65A1219770C4}.Debug|x64.ActiveCfg = Debug|x64
		{5B6672AE-44BC-4E71-95D1-65A1219770C4}.Debug|x64.Build.0 = Debug|x64
		{5B6672AE-44BC-4E71-95D1-65A1219770C4}.Debug|x86.ActiveCfg = Debug|Win32
		{5B6672AE-44BC-4E71-95D1-65A1219770C4}.Debug|x86.Build.0 = Debug|Win32
		{5B6672AE-44BC-4E71-95D1-65A1219770C4}.Release|x64.ActiveCfg = Release|x64
		{5B6672AE-44BC-4E71-95D1-65A1219770C4}.Release|x64.Build.0 = Release|x64
		{5B6672AE-44BC-4E71-95D1-65A1219770C4}.Release|x86.ActiveCfg = Release|Win32
		{5B6672AE-44BC-4E71-95D1-65A1219770C4}.Release|x86.Build.0 = Release|Win32
		{1C5FC942-E5D5-426B-9588-0A00C2F64816}.Debug|x64.ActiveCfg = Debug|x64
		{1C5FC942-E5D5-426B-9588-0A00C2F64816}.Debug|x64.Build.0 = Debug|x64
		{1C5FC942-E5D5-426B-9588-0A00C2F64816}.Debug|x86.ActiveCfg = Debug|Win32
		{1C5FC942-E5D5-426B-9588-0A00C2F64816}.Debug|x86.Build.0 = Debug|Win32
		{1C5FC942-E5D5-426B-9588-0A00C2F64816}.Release|x64.ActiveCfg = Release|x64
		{1C5FC942-E5D5-426B-9588-0A00C2F64816}.Release|x64.Build.0 = Release|x64
		{1C5FC942-E5D5-426B-9588-0A00C2F64816}.Release|x86.ActiveCfg = Release|Win32
		{1C5FC942-E5D5-426B-9588-0A00C2F64816}.Release|x86.Build.0 = Release|Win32
		{99FED392-BABE-4154-AE51-82A8DD2124FF}.Debug|x64.ActiveCfg = Debug|x64
		{99FED392-BABE-4154-AE51-82A8DD2124FF}.Debug|x64.Build.0 = Debug|x64
		{99FED392-BABE-4154-AE51-82A8DD2124FF}.Debug|x86.ActiveCfg = Debug|Win32
		{99FED392-BABE-4154-AE51-82A8DD2124FF}.Debug|x86.Build.0 = Debug|Win32
		{99FED392-BABE-4154-AE51-82A8DD2124FF}.Release|x64.ActiveCfg = Release|x64
		{99FED392-BABE-4154-AE51-82A8DD2124FF}.Release|x64.Build.0 = Release|x64
		{99FED392-BABE-4154-AE51-82A8DD2124FF}.Release|x86.ActiveCfg = Release|Win32
		{99FED392-BABE-4154-AE51-82A8DD2124FF}.Release|x86.Build.0 = Release|Win32
		{B16CB962-083A-4A07-800E-DE1C9A1B37BA}.Debug|x64.ActiveCfg = Debug|x64
		{B16CB962-083A-4A07-800E-DE1C9A1B37BA}.Debug|x64.Build.0 = Debug|x64
		{B16CB962-083A-4A07-800E-DE1C9A1B37BA}.Debug|x86.ActiveCfg = Debug|Win32
		{B16CB962-083A-4A07-800E-DE1C9A1B37BA}.Debug|x86.Build.0 = Debug|Win32
		{B16CB962-083A-4A07-800E-DE1C9A1B37BA}.Release|x64.ActiveCfg = Release|x64
		{B16CB962-083A-4A07-800E-DE1C9A1B37BA}.Release|x64.Build.0 = Release|x64
		{B16CB962-083A-4A07-800E-DE1C9A1B37BA}.Release|x86.ActiveCfg = Release|Win32
		{B16CB962-083A-4A07-800E-DE1C9A1B37BA}.Release|x86.Build.0 = Release|Win32
		{053A4A16-E533-420A-A8B2-FD6AA5239229}.Debug|x64.ActiveCfg = Debug|x64
		{053A4A16-E533-420A-A8B2-FD6AA5239229}.Debug|x64.Build.0 = Debug|x64
		{053A4A16-E533-420A-A8B2-FD6AA5239229}.Debug|x86.ActiveCfg = Debug|Win32
		{053A4A16-E533-420A-A8B2-FD6AA5239229}.Debug|x86.Build.0 = Debug|Win32
		{053A4A16-E533-420A-A8B2-FD6AA5239229}.Release|x64.ActiveCfg = Release|x64
		{053A4A16-E533-420A-A8B2-FD6AA5239229}.Release|x64.Build.0 = Release|x64
		{053A4A16-E533-420A-A8B2-FD6AA5239229}.Release|x86.ActiveCfg = Release|Win32
		{053A4A16-E533-420A-A8B2-FD6AA5239229}.Release|x86.Build.0 = Release|Win32
	EndGlobalSection
	GlobalSection(SolutionProperties) = preSolution
		HideSolutionNode = FALSE
	EndGlobalSection
	GlobalSection(NestedProjects) = preSolution
		{0EE8A285-ED35-4F47-9DA2-6100478EC329} = {786B3A66-8554-4DEB-8AD8-8F078D542FFF}
		{F1C8DF66-80B1-44D4-AE57-35B5FB292CBF} = {786B3A66-8554-4DEB-8AD8-8F078D542FFF}
		{A97D2B52-5C91-499B-82CC-26A85C92B68B} = {786B3A66-8554-4DEB-8AD8-8F078D542FFF}
		{E6B9A62F-BBA4-425E-8A2E-AF31F423618B} = {D102FF3F-6D4A-439C-ADA3-0D238F98697B}
		{735DDA4F-C48A-49DD-9F94-EB2C7F39D269} = {D102FF3F-6D4A-439C-ADA3-0D238F98697B}
		{77552740-076E-499B-9453-6A0C563F6F94} = {D102FF3F-6D4A-439C-ADA3-0D238F98697B}
		{BE114550-24F3-4F41-858D-5064613B484A} = {A1500DAE-E4A9-4E67-AF13-285BE18F6E6D}
		{DF2446D7-BA35-4832-80AA-5CB3E1C1F5E6} = {AC0D7ACC-F2D8-498F-9C59-413E26AE6B62}
		{5B6672AE-44BC-4E71-95D1-65A1219770C4} = {AC0D7ACC-F2D8-498F-9C59-413E26AE6B62}
		{1C5FC942-E5D5-426B-9588-0A00C2F64816} = {9DF4D51A-7CDF-492D-A831-592B3EA72BCA}
		{99FED392-BABE-4154-AE51-82A8DD2124FF} = {9DF4D51A-7CDF-492D-A831-592B3EA72BCA}
		{B16CB962-083A-4A07-800E-DE1C9A1B37BA} = {57E2949D-B906-47CF-BB72-0B1C6963DF8E}
		{053A4A16-E533-420A-A8B2-FD6AA5239229} = {57E2949D-B906-47CF-BB72-0B1C6963DF8E}
	EndGlobalSection
	GlobalSection(ExtensibilityGlobals) = postSolution
		SolutionGuid = {620535BB-326F-4FF6-8690-41D9E6563091}
	EndGlobalSection
EndGlobal
